// !$*UTF8*$!
{
	archiveVersion = 1;
	classes = {
	};
	objectVersion = 50;
	objects = {

/* Begin PBXBuildFile section */
		CE05A6E02356158500ABE101 /* AppDelegate.swift in Sources */ = {isa = PBXBuildFile; fileRef = CE05A6DF2356158500ABE101 /* AppDelegate.swift */; };
		CE05A6E22356158500ABE101 /* SceneDelegate.swift in Sources */ = {isa = PBXBuildFile; fileRef = CE05A6E12356158500ABE101 /* SceneDelegate.swift */; };
		CE05A6E42356158500ABE101 /* ViewController.swift in Sources */ = {isa = PBXBuildFile; fileRef = CE05A6E32356158500ABE101 /* ViewController.swift */; };
		CE05A6E72356158500ABE101 /* Main.storyboard in Resources */ = {isa = PBXBuildFile; fileRef = CE05A6E52356158500ABE101 /* Main.storyboard */; };
		CE05A6EA2356158500ABE101 /* Dollar_Scholar.xcdatamodeld in Sources */ = {isa = PBXBuildFile; fileRef = CE05A6E82356158500ABE101 /* Dollar_Scholar.xcdatamodeld */; };
		CE05A6EC2356158700ABE101 /* Assets.xcassets in Resources */ = {isa = PBXBuildFile; fileRef = CE05A6EB2356158700ABE101 /* Assets.xcassets */; };
		CE05A6EF2356158700ABE101 /* LaunchScreen.storyboard in Resources */ = {isa = PBXBuildFile; fileRef = CE05A6ED2356158700ABE101 /* LaunchScreen.storyboard */; };
		CE05A6F723561C1800ABE101 /* Secrets.swift in Sources */ = {isa = PBXBuildFile; fileRef = CE05A6F623561C1800ABE101 /* Secrets.swift */; };
/* End PBXBuildFile section */

/* Begin PBXFileReference section */
		CE05A6DC2356158500ABE101 /* Dollar Scholar.app */ = {isa = PBXFileReference; explicitFileType = wrapper.application; includeInIndex = 0; path = "Dollar Scholar.app"; sourceTree = BUILT_PRODUCTS_DIR; };
		CE05A6DF2356158500ABE101 /* AppDelegate.swift */ = {isa = PBXFileReference; lastKnownFileType = sourcecode.swift; path = AppDelegate.swift; sourceTree = "<group>"; };
		CE05A6E12356158500ABE101 /* SceneDelegate.swift */ = {isa = PBXFileReference; lastKnownFileType = sourcecode.swift; path = SceneDelegate.swift; sourceTree = "<group>"; };
		CE05A6E32356158500ABE101 /* ViewController.swift */ = {isa = PBXFileReference; lastKnownFileType = sourcecode.swift; path = ViewController.swift; sourceTree = "<group>"; };
		CE05A6E62356158500ABE101 /* Base */ = {isa = PBXFileReference; lastKnownFileType = file.storyboard; name = Base; path = Base.lproj/Main.storyboard; sourceTree = "<group>"; };
		CE05A6E92356158500ABE101 /* Dollar_Scholar.xcdatamodel */ = {isa = PBXFileReference; lastKnownFileType = wrapper.xcdatamodel; path = Dollar_Scholar.xcdatamodel; sourceTree = "<group>"; };
		CE05A6EB2356158700ABE101 /* Assets.xcassets */ = {isa = PBXFileReference; lastKnownFileType = folder.assetcatalog; path = Assets.xcassets; sourceTree = "<group>"; };
		CE05A6EE2356158700ABE101 /* Base */ = {isa = PBXFileReference; lastKnownFileType = file.storyboard; name = Base; path = Base.lproj/LaunchScreen.storyboard; sourceTree = "<group>"; };
		CE05A6F02356158700ABE101 /* Info.plist */ = {isa = PBXFileReference; lastKnownFileType = text.plist.xml; path = Info.plist; sourceTree = "<group>"; };
		CE05A6F623561C1800ABE101 /* Secrets.swift */ = {isa = PBXFileReference; lastKnownFileType = sourcecode.swift; path = Secrets.swift; sourceTree = "<group>"; };
/* End PBXFileReference section */

/* Begin PBXFrameworksBuildPhase section */
		CE05A6D92356158500ABE101 /* Frameworks */ = {
			isa = PBXFrameworksBuildPhase;
			buildActionMask = 2147483647;
			files = (
			);
			runOnlyForDeploymentPostprocessing = 0;
		};
/* End PBXFrameworksBuildPhase section */

/* Begin PBXGroup section */
		CE05A6D32356158500ABE101 = {
			isa = PBXGroup;
			children = (
				CE05A6DE2356158500ABE101 /* Dollar Scholar */,
				CE05A6DD2356158500ABE101 /* Products */,
			);
			sourceTree = "<group>";
		};
		CE05A6DD2356158500ABE101 /* Products */ = {
			isa = PBXGroup;
			children = (
				CE05A6DC2356158500ABE101 /* Dollar Scholar.app */,
			);
			name = Products;
			sourceTree = "<group>";
		};
		CE05A6DE2356158500ABE101 /* Dollar Scholar */ = {
			isa = PBXGroup;
			children = (
				CE05A6DF2356158500ABE101 /* AppDelegate.swift */,
				CE05A6E12356158500ABE101 /* SceneDelegate.swift */,
				CE05A6E32356158500ABE101 /* ViewController.swift */,
				CE05A6E52356158500ABE101 /* Main.storyboard */,
				CE05A6EB2356158700ABE101 /* Assets.xcassets */,
				CE05A6ED2356158700ABE101 /* LaunchScreen.storyboard */,
				CE05A6F02356158700ABE101 /* Info.plist */,
				CE05A6E82356158500ABE101 /* Dollar_Scholar.xcdatamodeld */,
				CE05A6F623561C1800ABE101 /* Secrets.swift */,
			);
			path = "Dollar Scholar";
			sourceTree = "<group>";
		};
/* End PBXGroup section */

/* Begin PBXNativeTarget section */
		CE05A6DB2356158500ABE101 /* Dollar Scholar */ = {
			isa = PBXNativeTarget;
			buildConfigurationList = CE05A6F32356158700ABE101 /* Build configuration list for PBXNativeTarget "Dollar Scholar" */;
			buildPhases = (
				CE05A6D82356158500ABE101 /* Sources */,
				CE05A6D92356158500ABE101 /* Frameworks */,
				CE05A6DA2356158500ABE101 /* Resources */,
			);
			buildRules = (
			);
			dependencies = (
			);
			name = "Dollar Scholar";
			productName = "Dollar Scholar";
			productReference = CE05A6DC2356158500ABE101 /* Dollar Scholar.app */;
			productType = "com.apple.product-type.application";
		};
/* End PBXNativeTarget section */

/* Begin PBXProject section */
		CE05A6D42356158500ABE101 /* Project object */ = {
			isa = PBXProject;
			attributes = {
				LastSwiftUpdateCheck = 1110;
				LastUpgradeCheck = 1110;
				ORGANIZATIONNAME = "Ben Lewis";
				TargetAttributes = {
					CE05A6DB2356158500ABE101 = {
						CreatedOnToolsVersion = 11.1;
					};
				};
			};
			buildConfigurationList = CE05A6D72356158500ABE101 /* Build configuration list for PBXProject "Dollar Scholar" */;
			compatibilityVersion = "Xcode 9.3";
			developmentRegion = en;
			hasScannedForEncodings = 0;
			knownRegions = (
				en,
				Base,
			);
			mainGroup = CE05A6D32356158500ABE101;
			productRefGroup = CE05A6DD2356158500ABE101 /* Products */;
			projectDirPath = "";
			projectRoot = "";
			targets = (
				CE05A6DB2356158500ABE101 /* Dollar Scholar */,
			);
		};
/* End PBXProject section */

/* Begin PBXResourcesBuildPhase section */
		CE05A6DA2356158500ABE101 /* Resources */ = {
			isa = PBXResourcesBuildPhase;
			buildActionMask = 2147483647;
			files = (
				CE05A6EF2356158700ABE101 /* LaunchScreen.storyboard in Resources */,
				CE05A6EC2356158700ABE101 /* Assets.xcassets in Resources */,
				CE05A6E72356158500ABE101 /* Main.storyboard in Resources */,
			);
			runOnlyForDeploymentPostprocessing = 0;
		};
/* End PBXResourcesBuildPhase section */

/* Begin PBXSourcesBuildPhase section */
		CE05A6D82356158500ABE101 /* Sources */ = {
			isa = PBXSourcesBuildPhase;
			buildActionMask = 2147483647;
			files = (
				CE05A6EA2356158500ABE101 /* Dollar_Scholar.xcdatamodeld in Sources */,
				CE05A6F723561C1800ABE101 /* Secrets.swift in Sources */,
				CE05A6E42356158500ABE101 /* ViewController.swift in Sources */,
				CE05A6E02356158500ABE101 /* AppDelegate.swift in Sources */,
				CE05A6E22356158500ABE101 /* SceneDelegate.swift in Sources */,
			);
			runOnlyForDeploymentPostprocessing = 0;
		};
/* End PBXSourcesBuildPhase section */

/* Begin PBXVariantGroup section */
		CE05A6E52356158500ABE101 /* Main.storyboard */ = {
			isa = PBXVariantGroup;
			children = (
				CE05A6E62356158500ABE101 /* Base */,
			);
			name = Main.storyboard;
			sourceTree = "<group>";
		};
		CE05A6ED2356158700ABE101 /* LaunchScreen.storyboard */ = {
			isa = PBXVariantGroup;
			children = (
				CE05A6EE2356158700ABE101 /* Base */,
			);
			name = LaunchScreen.storyboard;
			sourceTree = "<group>";
		};
/* End PBXVariantGroup section */

/* Begin XCBuildConfiguration section */
		CE05A6F12356158700ABE101 /* Debug */ = {
			isa = XCBuildConfiguration;
			buildSettings = {
				ALWAYS_SEARCH_USER_PATHS = NO;
				CLANG_ANALYZER_NONNULL = YES;
				CLANG_ANALYZER_NUMBER_OBJECT_CONVERSION = YES_AGGRESSIVE;
				CLANG_CXX_LANGUAGE_STANDARD = "gnu++14";
				CLANG_CXX_LIBRARY = "libc++";
				CLANG_ENABLE_MODULES = YES;
				CLANG_ENABLE_OBJC_ARC = YES;
				CLANG_ENABLE_OBJC_WEAK = YES;
				CLANG_WARN_BLOCK_CAPTURE_AUTORELEASING = YES;
				CLANG_WARN_BOOL_CONVERSION = YES;
				CLANG_WARN_COMMA = YES;
				CLANG_WARN_CONSTANT_CONVERSION = YES;
				CLANG_WARN_DEPRECATED_OBJC_IMPLEMENTATIONS = YES;
				CLANG_WARN_DIRECT_OBJC_ISA_USAGE = YES_ERROR;
				CLANG_WARN_DOCUMENTATION_COMMENTS = YES;
				CLANG_WARN_EMPTY_BODY = YES;
				CLANG_WARN_ENUM_CONVERSION = YES;
				CLANG_WARN_INFINITE_RECURSION = YES;
				CLANG_WARN_INT_CONVERSION = YES;
				CLANG_WARN_NON_LITERAL_NULL_CONVERSION = YES;
				CLANG_WARN_OBJC_IMPLICIT_RETAIN_SELF = YES;
				CLANG_WARN_OBJC_LITERAL_CONVERSION = YES;
				CLANG_WARN_OBJC_ROOT_CLASS = YES_ERROR;
				CLANG_WARN_RANGE_LOOP_ANALYSIS = YES;
				CLANG_WARN_STRICT_PROTOTYPES = YES;
				CLANG_WARN_SUSPICIOUS_MOVE = YES;
				CLANG_WARN_UNGUARDED_AVAILABILITY = YES_AGGRESSIVE;
				CLANG_WARN_UNREACHABLE_CODE = YES;
				CLANG_WARN__DUPLICATE_METHOD_MATCH = YES;
				COPY_PHASE_STRIP = NO;
				DEBUG_INFORMATION_FORMAT = dwarf;
				ENABLE_STRICT_OBJC_MSGSEND = YES;
				ENABLE_TESTABILITY = YES;
				GCC_C_LANGUAGE_STANDARD = gnu11;
				GCC_DYNAMIC_NO_PIC = NO;
				GCC_NO_COMMON_BLOCKS = YES;
				GCC_OPTIMIZATION_LEVEL = 0;
				GCC_PREPROCESSOR_DEFINITIONS = (
					"DEBUG=1",
					"$(inherited)",
				);
				GCC_WARN_64_TO_32_BIT_CONVERSION = YES;
				GCC_WARN_ABOUT_RETURN_TYPE = YES_ERROR;
				GCC_WARN_UNDECLARED_SELECTOR = YES;
				GCC_WARN_UNINITIALIZED_AUTOS = YES_AGGRESSIVE;
				GCC_WARN_UNUSED_FUNCTION = YES;
				GCC_WARN_UNUSED_VARIABLE = YES;
				IPHONEOS_DEPLOYMENT_TARGET = 13.1;
				MTL_ENABLE_DEBUG_INFO = INCLUDE_SOURCE;
				MTL_FAST_MATH = YES;
				ONLY_ACTIVE_ARCH = YES;
				SDKROOT = iphoneos;
				SWIFT_ACTIVE_COMPILATION_CONDITIONS = DEBUG;
				SWIFT_OPTIMIZATION_LEVEL = "-Onone";
			};
			name = Debug;
		};
		CE05A6F22356158700ABE101 /* Release */ = {
			isa = XCBuildConfiguration;
			buildSettings = {
				ALWAYS_SEARCH_USER_PATHS = NO;
				CLANG_ANALYZER_NONNULL = YES;
				CLANG_ANALYZER_NUMBER_OBJECT_CONVERSION = YES_AGGRESSIVE;
				CLANG_CXX_LANGUAGE_STANDARD = "gnu++14";
				CLANG_CXX_LIBRARY = "libc++";
				CLANG_ENABLE_MODULES = YES;
				CLANG_ENABLE_OBJC_ARC = YES;
				CLANG_ENABLE_OBJC_WEAK = YES;
				CLANG_WARN_BLOCK_CAPTURE_AUTORELEASING = YES;
				CLANG_WARN_BOOL_CONVERSION = YES;
				CLANG_WARN_COMMA = YES;
				CLANG_WARN_CONSTANT_CONVERSION = YES;
				CLANG_WARN_DEPRECATED_OBJC_IMPLEMENTATIONS = YES;
				CLANG_WARN_DIRECT_OBJC_ISA_USAGE = YES_ERROR;
				CLANG_WARN_DOCUMENTATION_COMMENTS = YES;
				CLANG_WARN_EMPTY_BODY = YES;
				CLANG_WARN_ENUM_CONVERSION = YES;
				CLANG_WARN_INFINITE_RECURSION = YES;
				CLANG_WARN_INT_CONVERSION = YES;
				CLANG_WARN_NON_LITERAL_NULL_CONVERSION = YES;
				CLANG_WARN_OBJC_IMPLICIT_RETAIN_SELF = YES;
				CLANG_WARN_OBJC_LITERAL_CONVERSION = YES;
				CLANG_WARN_OBJC_ROOT_CLASS = YES_ERROR;
				CLANG_WARN_RANGE_LOOP_ANALYSIS = YES;
				CLANG_WARN_STRICT_PROTOTYPES = YES;
				CLANG_WARN_SUSPICIOUS_MOVE = YES;
				CLANG_WARN_UNGUARDED_AVAILABILITY = YES_AGGRESSIVE;
				CLANG_WARN_UNREACHABLE_CODE = YES;
				CLANG_WARN__DUPLICATE_METHOD_MATCH = YES;
				COPY_PHASE_STRIP = NO;
				DEBUG_INFORMATION_FORMAT = "dwarf-with-dsym";
				ENABLE_NS_ASSERTIONS = NO;
				ENABLE_STRICT_OBJC_MSGSEND = YES;
				GCC_C_LANGUAGE_STANDARD = gnu11;
				GCC_NO_COMMON_BLOCKS = YES;
				GCC_WARN_64_TO_32_BIT_CONVERSION = YES;
				GCC_WARN_ABOUT_RETURN_TYPE = YES_ERROR;
				GCC_WARN_UNDECLARED_SELECTOR = YES;
				GCC_WARN_UNINITIALIZED_AUTOS = YES_AGGRESSIVE;
				GCC_WARN_UNUSED_FUNCTION = YES;
				GCC_WARN_UNUSED_VARIABLE = YES;
				IPHONEOS_DEPLOYMENT_TARGET = 13.1;
				MTL_ENABLE_DEBUG_INFO = NO;
				MTL_FAST_MATH = YES;
				SDKROOT = iphoneos;
				SWIFT_COMPILATION_MODE = wholemodule;
				SWIFT_OPTIMIZATION_LEVEL = "-O";
				VALIDATE_PRODUCT = YES;
			};
			name = Release;
		};
		CE05A6F42356158700ABE101 /* Debug */ = {
			isa = XCBuildConfiguration;
			buildSettings = {
				ASSETCATALOG_COMPILER_APPICON_NAME = AppIcon;
				CODE_SIGN_STYLE = Automatic;
				DEVELOPMENT_TEAM = PZ2KX24FW6;
				INFOPLIST_FILE = "Dollar Scholar/Info.plist";
				LD_RUNPATH_SEARCH_PATHS = (
					"$(inherited)",
					"@executable_path/Frameworks",
				);
				PRODUCT_BUNDLE_IDENTIFIER = "com.ben.Dollar-Scholar";
				PRODUCT_NAME = "$(TARGET_NAME)";
				SWIFT_VERSION = 5.0;
				TARGETED_DEVICE_FAMILY = "1,2";
			};
			name = Debug;
		};
		CE05A6F52356158700ABE101 /* Release */ = {
			isa = XCBuildConfiguration;
			buildSettings = {
				ASSETCATALOG_COMPILER_APPICON_NAME = AppIcon;
				CODE_SIGN_STYLE = Automatic;
				DEVELOPMENT_TEAM = PZ2KX24FW6;
				INFOPLIST_FILE = "Dollar Scholar/Info.plist";
				LD_RUNPATH_SEARCH_PATHS = (
					"$(inherited)",
					"@executable_path/Frameworks",
				);
				PRODUCT_BUNDLE_IDENTIFIER = "com.ben.Dollar-Scholar";
				PRODUCT_NAME = "$(TARGET_NAME)";
				SWIFT_VERSION = 5.0;
				TARGETED_DEVICE_FAMILY = "1,2";
			};
			name = Release;
		};
/* End XCBuildConfiguration section */

/* Begin XCConfigurationList section */
		CE05A6D72356158500ABE101 /* Build configuration list for PBXProject "Dollar Scholar" */ = {
			isa = XCConfigurationList;
			buildConfigurations = (
				CE05A6F12356158700ABE101 /* Debug */,
				CE05A6F22356158700ABE101 /* Release */,
			);
			defaultConfigurationIsVisible = 0;
			defaultConfigurationName = Release;
		};
		CE05A6F32356158700ABE101 /* Build configuration list for PBXNativeTarget "Dollar Scholar" */ = {
			isa = XCConfigurationList;
			buildConfigurations = (
				CE05A6F42356158700ABE101 /* Debug */,
				CE05A6F52356158700ABE101 /* Release */,
			);
			defaultConfigurationIsVisible = 0;
			defaultConfigurationName = Release;
		};
/* End XCConfigurationList section */

/* Begin XCVersionGroup section */
		CE05A6E82356158500ABE101 /* Dollar_Scholar.xcdatamodeld */ = {
			isa = XCVersionGroup;
			children = (
				CE05A6E92356158500ABE101 /* Dollar_Scholar.xcdatamodel */,
			);
			currentVersion = CE05A6E92356158500ABE101 /* Dollar_Scholar.xcdatamodel */;
			path = Dollar_Scholar.xcdatamodeld;
			sourceTree = "<group>";
			versionGroupType = wrapper.xcdatamodel;
		};
/* End XCVersionGroup section */
	};
	rootObject = CE05A6D42356158500ABE101 /* Project object */;
}
